
Microsoft Visual Studio Solution File, Format Version 12.00
# Visual Studio Version 17
VisualStudioVersion = 17.10.35013.160
MinimumVisualStudioVersion = 10.0.40219.1
Project("{9A19103F-16F7-4668-BE54-9A1E7A4F7556}") = "EduWork.WebAPI", "EduWork.WebAPI\EduWork.WebAPI.csproj", "{D8824090-886B-419E-BCBA-449C56E01336}"
EndProject
Project("{9A19103F-16F7-4668-BE54-9A1E7A4F7556}") = "EduWork.Data", "EduWork.Data\EduWork.Data.csproj", "{48895746-EAD0-4D84-8F26-B03B60358CE3}"
EndProject
Project("{9A19103F-16F7-4668-BE54-9A1E7A4F7556}") = "EduWork.Domain", "EduWork.Domain\EduWork.Domain.csproj", "{7B6F8008-8294-4C99-B641-13DE5415B229}"
EndProject
Project("{9A19103F-16F7-4668-BE54-9A1E7A4F7556}") = "EduWork.Common", "EduWork.Common\EduWork.Common.csproj", "{55A9980B-E45B-4DB7-8DC2-D694CD3636CF}"
EndProject
Project("{9A19103F-16F7-4668-BE54-9A1E7A4F7556}") = "EduWork.UI", "EduWork.UI\EduWork.UI.csproj", "{C3826202-7582-497F-8CA4-979CD99C270C}"
EndProject
Global
	GlobalSection(SolutionConfigurationPlatforms) = preSolution
		Debug|Any CPU = Debug|Any CPU
		Release|Any CPU = Release|Any CPU
	EndGlobalSection
	GlobalSection(ProjectConfigurationPlatforms) = postSolution
		{D8824090-886B-419E-BCBA-449C56E01336}.Debug|Any CPU.ActiveCfg = Debug|Any CPU
		{D8824090-886B-419E-BCBA-449C56E01336}.Debug|Any CPU.Build.0 = Debug|Any CPU
		{D8824090-886B-419E-BCBA-449C56E01336}.Release|Any CPU.ActiveCfg = Release|Any CPU
		{D8824090-886B-419E-BCBA-449C56E01336}.Release|Any CPU.Build.0 = Release|Any CPU
		{48895746-EAD0-4D84-8F26-B03B60358CE3}.Debug|Any CPU.ActiveCfg = Debug|Any CPU
		{48895746-EAD0-4D84-8F26-B03B60358CE3}.Debug|Any CPU.Build.0 = Debug|Any CPU
		{48895746-EAD0-4D84-8F26-B03B60358CE3}.Release|Any CPU.ActiveCfg = Release|Any CPU
		{48895746-EAD0-4D84-8F26-B03B60358CE3}.Release|Any CPU.Build.0 = Release|Any CPU
		{7B6F8008-8294-4C99-B641-13DE5415B229}.Debug|Any CPU.ActiveCfg = Debug|Any CPU
		{7B6F8008-8294-4C99-B641-13DE5415B229}.Debug|Any CPU.Build.0 = Debug|Any CPU
		{7B6F8008-8294-4C99-B641-13DE5415B229}.Release|Any CPU.ActiveCfg = Release|Any CPU
		{7B6F8008-8294-4C99-B641-13DE5415B229}.Release|Any CPU.Build.0 = Release|Any CPU
		{55A9980B-E45B-4DB7-8DC2-D694CD3636CF}.Debug|Any CPU.ActiveCfg = Debug|Any CPU
		{55A9980B-E45B-4DB7-8DC2-D694CD3636CF}.Debug|Any CPU.Build.0 = Debug|Any CPU
		{55A9980B-E45B-4DB7-8DC2-D694CD3636CF}.Release|Any CPU.ActiveCfg = Release|Any CPU
		{55A9980B-E45B-4DB7-8DC2-D694CD3636CF}.Release|Any CPU.Build.0 = Release|Any CPU
		{C3826202-7582-497F-8CA4-979CD99C270C}.Debug|Any CPU.ActiveCfg = Debug|Any CPU
		{C3826202-7582-497F-8CA4-979CD99C270C}.Debug|Any CPU.Build.0 = Debug|Any CPU
		{C3826202-7582-497F-8CA4-979CD99C270C}.Release|Any CPU.ActiveCfg = Release|Any CPU
		{C3826202-7582-497F-8CA4-979CD99C270C}.Release|Any CPU.Build.0 = Release|Any CPU
	EndGlobalSection
	GlobalSection(SolutionProperties) = preSolution
		HideSolutionNode = FALSE
	EndGlobalSection
	GlobalSection(ExtensibilityGlobals) = postSolution
		SolutionGuid = {D91D11D4-2A95-49C9-A45B-0FE5B3BC23BB}
	EndGlobalSection
EndGlobal
